
Microsoft Visual Studio Solution File, Format Version 12.00
# Visual Studio Version 16
VisualStudioVersion = 16.0.32802.440
MinimumVisualStudioVersion = 10.0.40219.1
Project("{9A19103F-16F7-4668-BE54-9A1E7A4F7556}") = "Shop.UI", "Shop.UI\Shop.UI.csproj", "{65FBE670-0579-40A5-9B8B-1A2C7F9B9431}"
EndProject
Project("{9A19103F-16F7-4668-BE54-9A1E7A4F7556}") = "Shop.Domain", "Shop.Domain\Shop.Domain.csproj", "{D0FAECCC-FD8E-48F6-BB5A-37B1DA451EC9}"
EndProject
Project("{9A19103F-16F7-4668-BE54-9A1E7A4F7556}") = "Shop.Application", "Shop.Application\Shop.Application.csproj", "{63A3348C-D76F-4A1C-BCB8-31BB3F75203A}"
EndProject
Project("{9A19103F-16F7-4668-BE54-9A1E7A4F7556}") = "Shop.Database", "Shop.Database\Shop.Database.csproj", "{B5BDFB0B-27A0-4745-A696-6B43CF60FBD7}"
EndProject
Global
	GlobalSection(SolutionConfigurationPlatforms) = preSolution
		Debug|Any CPU = Debug|Any CPU
		Release|Any CPU = Release|Any CPU
	EndGlobalSection
	GlobalSection(ProjectConfigurationPlatforms) = postSolution
		{65FBE670-0579-40A5-9B8B-1A2C7F9B9431}.Debug|Any CPU.ActiveCfg = Debug|Any CPU
		{65FBE670-0579-40A5-9B8B-1A2C7F9B9431}.Debug|Any CPU.Build.0 = Debug|Any CPU
		{65FBE670-0579-40A5-9B8B-1A2C7F9B9431}.Release|Any CPU.ActiveCfg = Release|Any CPU
		{65FBE670-0579-40A5-9B8B-1A2C7F9B9431}.Release|Any CPU.Build.0 = Release|Any CPU
		{D0FAECCC-FD8E-48F6-BB5A-37B1DA451EC9}.Debug|Any CPU.ActiveCfg = Debug|Any CPU
		{D0FAECCC-FD8E-48F6-BB5A-37B1DA451EC9}.Debug|Any CPU.Build.0 = Debug|Any CPU
		{D0FAECCC-FD8E-48F6-BB5A-37B1DA451EC9}.Release|Any CPU.ActiveCfg = Release|Any CPU
		{D0FAECCC-FD8E-48F6-BB5A-37B1DA451EC9}.Release|Any CPU.Build.0 = Release|Any CPU
		{63A3348C-D76F-4A1C-BCB8-31BB3F75203A}.Debug|Any CPU.ActiveCfg = Debug|Any CPU
		{63A3348C-D76F-4A1C-BCB8-31BB3F75203A}.Debug|Any CPU.Build.0 = Debug|Any CPU
		{63A3348C-D76F-4A1C-BCB8-31BB3F75203A}.Release|Any CPU.ActiveCfg = Release|Any CPU
		{63A3348C-D76F-4A1C-BCB8-31BB3F75203A}.Release|Any CPU.Build.0 = Release|Any CPU
		{B5BDFB0B-27A0-4745-A696-6B43CF60FBD7}.Debug|Any CPU.ActiveCfg = Debug|Any CPU
		{B5BDFB0B-27A0-4745-A696-6B43CF60FBD7}.Debug|Any CPU.Build.0 = Debug|Any CPU
		{B5BDFB0B-27A0-4745-A696-6B43CF60FBD7}.Release|Any CPU.ActiveCfg = Release|Any CPU
		{B5BDFB0B-27A0-4745-A696-6B43CF60FBD7}.Release|Any CPU.Build.0 = Release|Any CPU
	EndGlobalSection
	GlobalSection(SolutionProperties) = preSolution
		HideSolutionNode = FALSE
	EndGlobalSection
	GlobalSection(ExtensibilityGlobals) = postSolution
		SolutionGuid = {11857145-BA53-4FCD-8399-9EF6954EA12D}
	EndGlobalSection
EndGlobal
